
Microsoft Visual Studio Solution File, Format Version 12.00
# Visual Studio 15
VisualStudioVersion = 15.0.27004.2002
MinimumVisualStudioVersion = 10.0.40219.1
Project("{FAE04EC0-301F-11D3-BF4B-00C04F79EFBC}") = "MusicStats", "MusicStats\MusicStats.csproj", "{23A40D24-03E4-436A-9830-7B50A1693768}"
EndProject
Global
	GlobalSection(SolutionConfigurationPlatforms) = preSolution
		Debug|ARM = Debug|ARM
		Debug|x64 = Debug|x64
		Debug|x86 = Debug|x86
		Release|ARM = Release|ARM
		Release|x64 = Release|x64
		Release|x86 = Release|x86
	EndGlobalSection
	GlobalSection(ProjectConfigurationPlatforms) = postSolution
		{23A40D24-03E4-436A-9830-7B50A1693768}.Debug|ARM.ActiveCfg = Debug|ARM
		{23A40D24-03E4-436A-9830-7B50A1693768}.Debug|ARM.Build.0 = Debug|ARM
		{23A40D24-03E4-436A-9830-7B50A1693768}.Debug|ARM.Deploy.0 = Debug|ARM
		{23A40D24-03E4-436A-9830-7B50A1693768}.Debug|x64.ActiveCfg = Debug|x64
		{23A40D24-03E4-436A-9830-7B50A1693768}.Debug|x64.Build.0 = Debug|x64
		{23A40D24-03E4-436A-9830-7B50A1693768}.Debug|x64.Deploy.0 = Debug|x64
		{23A40D24-03E4-436A-9830-7B50A1693768}.Debug|x86.ActiveCfg = Debug|x86
		{23A40D24-03E4-436A-9830-7B50A1693768}.Debug|x86.Build.0 = Debug|x86
		{23A40D24-03E4-436A-9830-7B50A1693768}.Debug|x86.Deploy.0 = Debug|x86
		{23A40D24-03E4-436A-9830-7B50A1693768}.Release|ARM.ActiveCfg = Release|ARM
		{23A40D24-03E4-436A-9830-7B50A1693768}.Release|ARM.Build.0 = Release|ARM
		{23A40D24-03E4-436A-9830-7B50A1693768}.Release|ARM.Deploy.0 = Release|ARM
		{23A40D24-03E4-436A-9830-7B50A1693768}.Release|x64.ActiveCfg = Release|x64
		{23A40D24-03E4-436A-9830-7B50A1693768}.Release|x64.Build.0 = Release|x64
		{23A40D24-03E4-436A-9830-7B50A1693768}.Release|x64.Deploy.0 = Release|x64
		{23A40D24-03E4-436A-9830-7B50A1693768}.Release|x86.ActiveCfg = Release|x86
		{23A40D24-03E4-436A-9830-7B50A1693768}.Release|x86.Build.0 = Release|x86
		{23A40D24-03E4-436A-9830-7B50A1693768}.Release|x86.Deploy.0 = Release|x86
	EndGlobalSection
	GlobalSection(SolutionProperties) = preSolution
		HideSolutionNode = FALSE
	EndGlobalSection
	GlobalSection(ExtensibilityGlobals) = postSolution
		SolutionGuid = {58A3C376-E702-4ADF-BBB8-951087C26B3C}
	EndGlobalSection
EndGlobal
